{
  "name": "em-responsive-web-templates",
  "version": "1.0.0",
  "lockfileVersion": 3,
  "requires": true,
  "packages": {
    "": {
      "name": "em-responsive-web-templates",
      "version": "1.0.0",
      "license": "ISC",
      "devDependencies": {
        "em-scss-base-framework": "^1.0.5"
      }
    },
    "node_modules/em-scss-base-framework": {
      "version": "1.0.5",
      "resolved": "https://registry.npmjs.org/em-scss-base-framework/-/em-scss-base-framework-1.0.5.tgz",
      "integrity": "sha512-pJXp+4/4Ot0JVUADfBAeyMsP4ZkQkGKaz7hIkeZhjkZnfjbw7amDg5s4IOW8FfmqUTTzBFHZh/9ygQOTsGrMPg==",
      "dev": true
    }
  }
}
