{
  "name": "em-responsive-web-templates",
  "version": "1.0.0",
  "lockfileVersion": 3,
  "requires": true,
  "packages": {
    "": {
      "name": "em-responsive-web-templates",
      "version": "1.0.0",
      "license": "ISC",
      "devDependencies": {
        "em-scss-base-framework": "^1.0.3"
      }
    },
    "node_modules/em-scss-base-framework": {
      "version": "1.0.3",
      "resolved": "https://registry.npmjs.org/em-scss-base-framework/-/em-scss-base-framework-1.0.3.tgz",
      "integrity": "sha512-A1J3eb+4OgkphU0rtl3YYz0wMUO2u9yiviu6/r4p0NM34OqZLSwFOu37stQbXAqJcX+8cUx9QLoYf490EHxRPA==",
      "dev": true
    }
  }
}
