{
  "name": "furniture-website---final",
  "version": "1.0.0",
  "lockfileVersion": 3,
  "requires": true,
  "packages": {
    "": {
      "name": "furniture-website---final",
      "version": "1.0.0",
      "license": "ISC",
      "dependencies": {
        "font-awesome": "^4.7.0"
      },
      "devDependencies": {
        "em-scss-base-framework": "^1.0.1"
      }
    },
    "node_modules/em-scss-base-framework": {
      "version": "1.0.1",
      "resolved": "https://registry.npmjs.org/em-scss-base-framework/-/em-scss-base-framework-1.0.1.tgz",
      "integrity": "sha512-C+b8DsvXAKd+wBvg7XAS7lP2hJAGxPRSBPzQ67LII3EQLVeDMghsfiwRFuIGWookBvMtV2wTpoUkdbCinYH3XA==",
      "dev": true
    },
    "node_modules/font-awesome": {
      "version": "4.7.0",
      "resolved": "https://registry.npmjs.org/font-awesome/-/font-awesome-4.7.0.tgz",
      "integrity": "sha512-U6kGnykA/6bFmg1M/oT9EkFeIYv7JlX3bozwQJWiiLz6L0w3F5vBVPxHlwyX/vtNq1ckcpRKOB9f2Qal/VtFpg==",
      "engines": {
        "node": ">=0.10.3"
      }
    }
  }
}
